// !$*UTF8*$!
{
	archiveVersion = 1;
	classes = {
	};
	objectVersion = 56;
	objects = {

/* Begin PBXBuildFile section */
		D00000000000000000000001 /* LifePilotApp.swift in Sources */ = {isa = PBXBuildFile; fileRef = C00000000000000000000001 /* LifePilotApp.swift */; };
		D00000000000000000000002 /* ContentView.swift in Sources */ = {isa = PBXBuildFile; fileRef = C00000000000000000000002 /* ContentView.swift */; };
		D00000000000000000000003 /* Habit.swift in Sources */ = {isa = PBXBuildFile; fileRef = C00000000000000000000003 /* Habit.swift */; };
		D00000000000000000000004 /* HabitCompletion.swift in Sources */ = {isa = PBXBuildFile; fileRef = C00000000000000000000004 /* HabitCompletion.swift */; };
		D00000000000000000000005 /* TodayView.swift in Sources */ = {isa = PBXBuildFile; fileRef = C00000000000000000000005 /* TodayView.swift */; };
		D00000000000000000000006 /* HabitListView.swift in Sources */ = {isa = PBXBuildFile; fileRef = C00000000000000000000006 /* HabitListView.swift */; };
		D00000000000000000000007 /* HabitEditorSheet.swift in Sources */ = {isa = PBXBuildFile; fileRef = C00000000000000000000007 /* HabitEditorSheet.swift */; };
		D00000000000000000000008 /* StatsView.swift in Sources */ = {isa = PBXBuildFile; fileRef = C00000000000000000000008 /* StatsView.swift */; };
		D00000000000000000000009 /* QuoteService.swift in Sources */ = {isa = PBXBuildFile; fileRef = C00000000000000000000009 /* QuoteService.swift */; };
		D0000000000000000000000A /* SoundManager.swift in Sources */ = {isa = PBXBuildFile; fileRef = C0000000000000000000000A /* SoundManager.swift */; };
		D0000000000000000000000B /* Color+Hex.swift in Sources */ = {isa = PBXBuildFile; fileRef = C0000000000000000000000B /* Color+Hex.swift */; };
		D0000000000000000000000C /* Assets.xcassets in Resources */ = {isa = PBXBuildFile; fileRef = C0000000000000000000000C /* Assets.xcassets */; };
		D0000000000000000000000D /* TodayViewModel.swift in Sources */ = {isa = PBXBuildFile; fileRef = C0000000000000000000000D /* TodayViewModel.swift */; };
		D0000000000000000000000E /* HabitListViewModel.swift in Sources */ = {isa = PBXBuildFile; fileRef = C0000000000000000000000E /* HabitListViewModel.swift */; };
		D0000000000000000000000F /* StatsViewModel.swift in Sources */ = {isa = PBXBuildFile; fileRef = C0000000000000000000000F /* StatsViewModel.swift */; };
		E00000000000000000000005 /* HabitTests.swift in Sources */ = {isa = PBXBuildFile; fileRef = E00000000000000000000004 /* HabitTests.swift */; };
/* End PBXBuildFile section */

/* Begin PBXContainerItemProxy section */
		E0000000000000000000000C /* PBXContainerItemProxy */ = {
			isa = PBXContainerItemProxy;
			containerPortal = A00000000000000000000001 /* Project object */;
			proxyType = 1;
			remoteGlobalIDString = A00000000000000000000006;
			remoteInfo = LifePilot;
		};
/* End PBXContainerItemProxy section */

/* Begin PBXFileReference section */
		A0000000000000000000000C /* LifePilot.app */ = {isa = PBXFileReference; explicitFileType = wrapper.application; includeInIndex = 0; path = LifePilot.app; sourceTree = BUILT_PRODUCTS_DIR; };
		C00000000000000000000001 /* LifePilotApp.swift */ = {isa = PBXFileReference; lastKnownFileType = sourcecode.swift; path = LifePilotApp.swift; sourceTree = "<group>"; };
		C00000000000000000000002 /* ContentView.swift */ = {isa = PBXFileReference; lastKnownFileType = sourcecode.swift; path = ContentView.swift; sourceTree = "<group>"; };
		C00000000000000000000003 /* Habit.swift */ = {isa = PBXFileReference; lastKnownFileType = sourcecode.swift; path = Habit.swift; sourceTree = "<group>"; };
		C00000000000000000000004 /* HabitCompletion.swift */ = {isa = PBXFileReference; lastKnownFileType = sourcecode.swift; path = HabitCompletion.swift; sourceTree = "<group>"; };
		C00000000000000000000005 /* TodayView.swift */ = {isa = PBXFileReference; lastKnownFileType = sourcecode.swift; path = TodayView.swift; sourceTree = "<group>"; };
		C00000000000000000000006 /* HabitListView.swift */ = {isa = PBXFileReference; lastKnownFileType = sourcecode.swift; path = HabitListView.swift; sourceTree = "<group>"; };
		C00000000000000000000007 /* HabitEditorSheet.swift */ = {isa = PBXFileReference; lastKnownFileType = sourcecode.swift; path = HabitEditorSheet.swift; sourceTree = "<group>"; };
		C00000000000000000000008 /* StatsView.swift */ = {isa = PBXFileReference; lastKnownFileType = sourcecode.swift; path = StatsView.swift; sourceTree = "<group>"; };
		C00000000000000000000009 /* QuoteService.swift */ = {isa = PBXFileReference; lastKnownFileType = sourcecode.swift; path = QuoteService.swift; sourceTree = "<group>"; };
		C0000000000000000000000A /* SoundManager.swift */ = {isa = PBXFileReference; lastKnownFileType = sourcecode.swift; path = SoundManager.swift; sourceTree = "<group>"; };
		C0000000000000000000000B /* Color+Hex.swift */ = {isa = PBXFileReference; lastKnownFileType = sourcecode.swift; path = "Color+Hex.swift"; sourceTree = "<group>"; };
		C0000000000000000000000C /* Assets.xcassets */ = {isa = PBXFileReference; lastKnownFileType = folder.assetcatalog; path = Assets.xcassets; sourceTree = "<group>"; };
		C0000000000000000000000D /* TodayViewModel.swift */ = {isa = PBXFileReference; lastKnownFileType = sourcecode.swift; path = TodayViewModel.swift; sourceTree = "<group>"; };
		C0000000000000000000000E /* HabitListViewModel.swift */ = {isa = PBXFileReference; lastKnownFileType = sourcecode.swift; path = HabitListViewModel.swift; sourceTree = "<group>"; };
		C0000000000000000000000F /* StatsViewModel.swift */ = {isa = PBXFileReference; lastKnownFileType = sourcecode.swift; path = StatsViewModel.swift; sourceTree = "<group>"; };
		E00000000000000000000002 /* LifePilotTests.xctest */ = {isa = PBXFileReference; explicitFileType = wrapper.cfbundle; includeInIndex = 0; path = LifePilotTests.xctest; sourceTree = BUILT_PRODUCTS_DIR; };
		E00000000000000000000004 /* HabitTests.swift */ = {isa = PBXFileReference; lastKnownFileType = sourcecode.swift; path = HabitTests.swift; sourceTree = "<group>"; };
/* End PBXFileReference section */

/* Begin PBXFrameworksBuildPhase section */
		A0000000000000000000000B /* Frameworks */ = {
			isa = PBXFrameworksBuildPhase;
			buildActionMask = 2147483647;
			files = (
			);
			runOnlyForDeploymentPostprocessing = 0;
		};
		E00000000000000000000007 /* Frameworks */ = {
			isa = PBXFrameworksBuildPhase;
			buildActionMask = 2147483647;
			files = (
			);
			runOnlyForDeploymentPostprocessing = 0;
		};
/* End PBXFrameworksBuildPhase section */

/* Begin PBXGroup section */
		A00000000000000000000002 = {
			isa = PBXGroup;
			children = (
				B00000000000000000000001 /* LifePilot */,
				E00000000000000000000003 /* LifePilotTests */,
				A0000000000000000000000D /* Products */,
			);
			sourceTree = "<group>";
		};
		A0000000000000000000000D /* Products */ = {
			isa = PBXGroup;
			children = (
				A0000000000000000000000C /* LifePilot.app */,
				E00000000000000000000002 /* LifePilotTests.xctest */,
			);
			name = Products;
			sourceTree = "<group>";
		};
		B00000000000000000000001 /* LifePilot */ = {
			isa = PBXGroup;
			children = (
				C00000000000000000000001 /* LifePilotApp.swift */,
				C00000000000000000000002 /* ContentView.swift */,
				B00000000000000000000002 /* Models */,
				B00000000000000000000003 /* Views */,
				B00000000000000000000007 /* Extensions */,
				C0000000000000000000000C /* Assets.xcassets */,
			);
			path = LifePilot;
			sourceTree = "<group>";
		};
		B00000000000000000000002 /* Models */ = {
			isa = PBXGroup;
			children = (
				C00000000000000000000003 /* Habit.swift */,
				C00000000000000000000004 /* HabitCompletion.swift */,
				B00000000000000000000005 /* ViewModels */,
				B00000000000000000000006 /* Services */,
			);
			path = Models;
			sourceTree = "<group>";
		};
		B00000000000000000000003 /* Views */ = {
			isa = PBXGroup;
			children = (
				C00000000000000000000005 /* TodayView.swift */,
				C00000000000000000000006 /* HabitListView.swift */,
				C00000000000000000000007 /* HabitEditorSheet.swift */,
				C00000000000000000000008 /* StatsView.swift */,
			);
			path = Views;
			sourceTree = "<group>";
		};
		B00000000000000000000005 /* ViewModels */ = {
			isa = PBXGroup;
			children = (
				C0000000000000000000000D /* TodayViewModel.swift */,
				C0000000000000000000000E /* HabitListViewModel.swift */,
				C0000000000000000000000F /* StatsViewModel.swift */,
			);
			path = ViewModels;
			sourceTree = "<group>";
		};
		B00000000000000000000006 /* Services */ = {
			isa = PBXGroup;
			children = (
				C00000000000000000000009 /* QuoteService.swift */,
				C0000000000000000000000A /* SoundManager.swift */,
			);
			path = Services;
			sourceTree = "<group>";
		};
		B00000000000000000000007 /* Extensions */ = {
			isa = PBXGroup;
			children = (
				C0000000000000000000000B /* Color+Hex.swift */,
			);
			path = Extensions;
			sourceTree = "<group>";
		};
		E00000000000000000000003 /* LifePilotTests */ = {
			isa = PBXGroup;
			children = (
				E00000000000000000000004 /* HabitTests.swift */,
			);
			path = LifePilotTests;
			sourceTree = "<group>";
		};
/* End PBXGroup section */

/* Begin PBXNativeTarget section */
		A00000000000000000000006 /* LifePilot */ = {
			isa = PBXNativeTarget;
			buildConfigurationList = A00000000000000000000007 /* Build configuration list for PBXNativeTarget "LifePilot" */;
			buildPhases = (
				A0000000000000000000000A /* Sources */,
				A0000000000000000000000B /* Frameworks */,
				A0000000000000000000000E /* Resources */,
			);
			buildRules = (
			);
			dependencies = (
			);
			name = LifePilot;
			productName = LifePilot;
			productReference = A0000000000000000000000C /* LifePilot.app */;
			productType = "com.apple.product-type.application";
		};
		E00000000000000000000001 /* LifePilotTests */ = {
			isa = PBXNativeTarget;
			buildConfigurationList = E00000000000000000000008 /* Build configuration list for PBXNativeTarget "LifePilotTests" */;
			buildPhases = (
				E00000000000000000000006 /* Sources */,
				E00000000000000000000007 /* Frameworks */,
			);
			buildRules = (
			);
			dependencies = (
				E0000000000000000000000B /* PBXTargetDependency */,
			);
			name = LifePilotTests;
			productName = LifePilotTests;
			productReference = E00000000000000000000002 /* LifePilotTests.xctest */;
			productType = "com.apple.product-type.bundle.unit-test";
		};
/* End PBXNativeTarget section */

/* Begin PBXProject section */
		A00000000000000000000001 /* Project object */ = {
			isa = PBXProject;
			attributes = {
				BuildIndependentTargetsInParallel = 1;
				LastSwiftUpdateCheck = 1600;
				LastUpgradeCheck = 2630;
				TargetAttributes = {
					A00000000000000000000006 = {
						CreatedOnToolsVersion = 16.0;
					};
					E00000000000000000000001 = {
						CreatedOnToolsVersion = 16.0;
						TestTargetID = A00000000000000000000006;
					};
				};
			};
			buildConfigurationList = A00000000000000000000003 /* Build configuration list for PBXProject "LifePilot" */;
			compatibilityVersion = "Xcode 14.0";
			developmentRegion = en;
			hasScannedForEncodings = 0;
			knownRegions = (
				en,
				Base,
			);
			mainGroup = A00000000000000000000002;
			productRefGroup = A0000000000000000000000D /* Products */;
			projectDirPath = "";
			projectRoot = "";
			targets = (
				A00000000000000000000006 /* LifePilot */,
				E00000000000000000000001 /* LifePilotTests */,
			);
		};
/* End PBXProject section */

/* Begin PBXResourcesBuildPhase section */
		A0000000000000000000000E /* Resources */ = {
			isa = PBXResourcesBuildPhase;
			buildActionMask = 2147483647;
			files = (
				D0000000000000000000000C /* Assets.xcassets in Resources */,
			);
			runOnlyForDeploymentPostprocessing = 0;
		};
/* End PBXResourcesBuildPhase section */

/* Begin PBXSourcesBuildPhase section */
		A0000000000000000000000A /* Sources */ = {
			isa = PBXSourcesBuildPhase;
			buildActionMask = 2147483647;
			files = (
				D00000000000000000000001 /* LifePilotApp.swift in Sources */,
				D00000000000000000000002 /* ContentView.swift in Sources */,
				D00000000000000000000003 /* Habit.swift in Sources */,
				D00000000000000000000004 /* HabitCompletion.swift in Sources */,
				D00000000000000000000005 /* TodayView.swift in Sources */,
				D00000000000000000000006 /* HabitListView.swift in Sources */,
				D00000000000000000000007 /* HabitEditorSheet.swift in Sources */,
				D00000000000000000000008 /* StatsView.swift in Sources */,
				D00000000000000000000009 /* QuoteService.swift in Sources */,
				D0000000000000000000000A /* SoundManager.swift in Sources */,
				D0000000000000000000000B /* Color+Hex.swift in Sources */,
				D0000000000000000000000D /* TodayViewModel.swift in Sources */,
				D0000000000000000000000E /* HabitListViewModel.swift in Sources */,
				D0000000000000000000000F /* StatsViewModel.swift in Sources */,
			);
			runOnlyForDeploymentPostprocessing = 0;
		};
		E00000000000000000000006 /* Sources */ = {
			isa = PBXSourcesBuildPhase;
			buildActionMask = 2147483647;
			files = (
				E00000000000000000000005 /* HabitTests.swift in Sources */,
			);
			runOnlyForDeploymentPostprocessing = 0;
		};
/* End PBXSourcesBuildPhase section */

/* Begin PBXTargetDependency section */
		E0000000000000000000000B /* PBXTargetDependency */ = {
			isa = PBXTargetDependency;
			target = A00000000000000000000006 /* LifePilot */;
			targetProxy = E0000000000000000000000C /* PBXContainerItemProxy */;
		};
/* End PBXTargetDependency section */

/* Begin XCBuildConfiguration section */
		A00000000000000000000004 /* Debug */ = {
			isa = XCBuildConfiguration;
			buildSettings = {
				ALWAYS_SEARCH_USER_PATHS = NO;
				ASSETCATALOG_COMPILER_GENERATE_SWIFT_ASSET_SYMBOL_EXTENSIONS = YES;
				CLANG_ANALYZER_NONNULL = YES;
				CLANG_ANALYZER_NUMBER_OBJECT_CONVERSION = YES_AGGRESSIVE;
				CLANG_CXX_LANGUAGE_STANDARD = "gnu++20";
				CLANG_ENABLE_MODULES = YES;
				CLANG_ENABLE_OBJC_ARC = YES;
				CLANG_ENABLE_OBJC_WEAK = YES;
				CLANG_WARN_BLOCK_CAPTURE_AUTORELEASING = YES;
				CLANG_WARN_BOOL_CONVERSION = YES;
				CLANG_WARN_COMMA = YES;
				CLANG_WARN_CONSTANT_CONVERSION = YES;
				CLANG_WARN_DEPRECATED_OBJC_IMPLEMENTATIONS = YES;
				CLANG_WARN_DIRECT_OBJC_ISA_USAGE = YES_ERROR;
				CLANG_WARN_DOCUMENTATION_COMMENTS = YES;
				CLANG_WARN_EMPTY_BODY = YES;
				CLANG_WARN_ENUM_CONVERSION = YES;
				CLANG_WARN_INFINITE_RECURSION = YES;
				CLANG_WARN_INT_CONVERSION = YES;
				CLANG_WARN_NON_LITERAL_NULL_CONVERSION = YES;
				CLANG_WARN_OBJC_IMPLICIT_RETAIN_SELF = YES;
				CLANG_WARN_OBJC_LITERAL_CONVERSION = YES;
				CLANG_WARN_OBJC_ROOT_CLASS = YES_ERROR;
				CLANG_WARN_QUOTED_INCLUDE_IN_FRAMEWORK_HEADER = YES;
				CLANG_WARN_RANGE_LOOP_ANALYSIS = YES;
				CLANG_WARN_STRICT_PROTOTYPES = YES;
				CLANG_WARN_SUSPICIOUS_MOVE = YES;
				CLANG_WARN_UNGUARDED_AVAILABILITY = YES_AGGRESSIVE;
				CLANG_WARN_UNREACHABLE_CODE = YES;
				CLANG_WARN__DUPLICATE_METHOD_MATCH = YES;
				COPY_PHASE_STRIP = NO;
				DEBUG_INFORMATION_FORMAT = dwarf;
				ENABLE_STRICT_OBJC_MSGSEND = YES;
				ENABLE_TESTABILITY = YES;
				ENABLE_USER_SCRIPT_SANDBOXING = YES;
				GCC_C_LANGUAGE_STANDARD = gnu17;
				GCC_DYNAMIC_NO_PIC = NO;
				GCC_NO_COMMON_BLOCKS = YES;
				GCC_OPTIMIZATION_LEVEL = 0;
				GCC_PREPROCESSOR_DEFINITIONS = (
					"DEBUG=1",
					"$(inherited)",
				);
				GCC_WARN_64_TO_32_BIT_CONVERSION = YES;
				GCC_WARN_ABOUT_RETURN_TYPE = YES_ERROR;
				GCC_WARN_UNDECLARED_SELECTOR = YES;
				GCC_WARN_UNINITIALIZED_AUTOS = YES_AGGRESSIVE;
				GCC_WARN_UNUSED_FUNCTION = YES;
				GCC_WARN_UNUSED_VARIABLE = YES;
				IPHONEOS_DEPLOYMENT_TARGET = 18.0;
				MTL_ENABLE_DEBUG_INFO = INCLUDE_SOURCE;
				MTL_FAST_MATH = YES;
				ONLY_ACTIVE_ARCH = YES;
				SDKROOT = iphoneos;
				STRING_CATALOG_GENERATE_SYMBOLS = YES;
				SWIFT_ACTIVE_COMPILATION_CONDITIONS = "DEBUG $(inherited)";
				SWIFT_OPTIMIZATION_LEVEL = "-Onone";
				SWIFT_VERSION = 5.0;
			};
			name = Debug;
		};
		A00000000000000000000005 /* Release */ = {
			isa = XCBuildConfiguration;
			buildSettings = {
				ALWAYS_SEARCH_USER_PATHS = NO;
				ASSETCATALOG_COMPILER_GENERATE_SWIFT_ASSET_SYMBOL_EXTENSIONS = YES;
				CLANG_ANALYZER_NONNULL = YES;
				CLANG_ANALYZER_NUMBER_OBJECT_CONVERSION = YES_AGGRESSIVE;
				CLANG_CXX_LANGUAGE_STANDARD = "gnu++20";
				CLANG_ENABLE_MODULES = YES;
				CLANG_ENABLE_OBJC_ARC = YES;
				CLANG_ENABLE_OBJC_WEAK = YES;
				CLANG_WARN_BLOCK_CAPTURE_AUTORELEASING = YES;
				CLANG_WARN_BOOL_CONVERSION = YES;
				CLANG_WARN_COMMA = YES;
				CLANG_WARN_CONSTANT_CONVERSION = YES;
				CLANG_WARN_DEPRECATED_OBJC_IMPLEMENTATIONS = YES;
				CLANG_WARN_DIRECT_OBJC_ISA_USAGE = YES_ERROR;
				CLANG_WARN_DOCUMENTATION_COMMENTS = YES;
				CLANG_WARN_EMPTY_BODY = YES;
				CLANG_WARN_ENUM_CONVERSION = YES;
				CLANG_WARN_INFINITE_RECURSION = YES;
				CLANG_WARN_INT_CONVERSION = YES;
				CLANG_WARN_NON_LITERAL_NULL_CONVERSION = YES;
				CLANG_WARN_OBJC_IMPLICIT_RETAIN_SELF = YES;
				CLANG_WARN_OBJC_LITERAL_CONVERSION = YES;
				CLANG_WARN_OBJC_ROOT_CLASS = YES_ERROR;
				CLANG_WARN_QUOTED_INCLUDE_IN_FRAMEWORK_HEADER = YES;
				CLANG_WARN_RANGE_LOOP_ANALYSIS = YES;
				CLANG_WARN_STRICT_PROTOTYPES = YES;
				CLANG_WARN_SUSPICIOUS_MOVE = YES;
				CLANG_WARN_UNGUARDED_AVAILABILITY = YES_AGGRESSIVE;
				CLANG_WARN_UNREACHABLE_CODE = YES;
				CLANG_WARN__DUPLICATE_METHOD_MATCH = YES;
				COPY_PHASE_STRIP = NO;
				DEBUG_INFORMATION_FORMAT = "dwarf-with-dsym";
				ENABLE_NS_ASSERTIONS = NO;
				ENABLE_STRICT_OBJC_MSGSEND = YES;
				ENABLE_USER_SCRIPT_SANDBOXING = YES;
				GCC_C_LANGUAGE_STANDARD = gnu17;
				GCC_NO_COMMON_BLOCKS = YES;
				GCC_WARN_64_TO_32_BIT_CONVERSION = YES;
				GCC_WARN_ABOUT_RETURN_TYPE = YES_ERROR;
				GCC_WARN_UNDECLARED_SELECTOR = YES;
				GCC_WARN_UNINITIALIZED_AUTOS = YES_AGGRESSIVE;
				GCC_WARN_UNUSED_FUNCTION = YES;
				GCC_WARN_UNUSED_VARIABLE = YES;
				IPHONEOS_DEPLOYMENT_TARGET = 18.0;
				MTL_ENABLE_DEBUG_INFO = NO;
				MTL_FAST_MATH = YES;
				SDKROOT = iphoneos;
				STRING_CATALOG_GENERATE_SYMBOLS = YES;
				SWIFT_COMPILATION_MODE = wholemodule;
				SWIFT_VERSION = 5.0;
				VALIDATE_PRODUCT = YES;
			};
			name = Release;
		};
		A00000000000000000000008 /* Debug */ = {
			isa = XCBuildConfiguration;
			buildSettings = {
				ASSETCATALOG_COMPILER_APPICON_NAME = AppIcon;
				ASSETCATALOG_COMPILER_GLOBAL_ACCENT_COLOR_NAME = AccentColor;
				CODE_SIGN_STYLE = Automatic;
				CURRENT_PROJECT_VERSION = 1;
				DEVELOPMENT_ASSET_PATHS = "";
				ENABLE_PREVIEWS = YES;
				GENERATE_INFOPLIST_FILE = YES;
				INFOPLIST_KEY_UIApplicationSceneManifest_Generation = YES;
				INFOPLIST_KEY_UIApplicationSupportsIndirectInputEvents = YES;
				INFOPLIST_KEY_UILaunchScreen_Generation = YES;
				INFOPLIST_KEY_UISupportedInterfaceOrientations_iPad = "UIInterfaceOrientationPortrait UIInterfaceOrientationPortraitUpsideDown UIInterfaceOrientationLandscapeLeft UIInterfaceOrientationLandscapeRight";
				INFOPLIST_KEY_UISupportedInterfaceOrientations_iPhone = "UIInterfaceOrientationPortrait UIInterfaceOrientationLandscapeLeft UIInterfaceOrientationLandscapeRight";
				LD_RUNPATH_SEARCH_PATHS = (
					"$(inherited)",
					"@executable_path/Frameworks",
				);
				MARKETING_VERSION = 1.0;
				PRODUCT_BUNDLE_IDENTIFIER = com.anuj.LifePilot;
				PRODUCT_NAME = "$(TARGET_NAME)";
				SWIFT_EMIT_LOC_STRINGS = YES;
				SWIFT_STRICT_CONCURRENCY = minimal;
				SWIFT_VERSION = 5.0;
				TARGETED_DEVICE_FAMILY = "1,2";
			};
			name = Debug;
		};
		A00000000000000000000009 /* Release */ = {
			isa = XCBuildConfiguration;
			buildSettings = {
				ASSETCATALOG_COMPILER_APPICON_NAME = AppIcon;
				ASSETCATALOG_COMPILER_GLOBAL_ACCENT_COLOR_NAME = AccentColor;
				CODE_SIGN_STYLE = Automatic;
				CURRENT_PROJECT_VERSION = 1;
				DEVELOPMENT_ASSET_PATHS = "";
				ENABLE_PREVIEWS = YES;
				GENERATE_INFOPLIST_FILE = YES;
				INFOPLIST_KEY_UIApplicationSceneManifest_Generation = YES;
				INFOPLIST_KEY_UIApplicationSupportsIndirectInputEvents = YES;
				INFOPLIST_KEY_UILaunchScreen_Generation = YES;
				INFOPLIST_KEY_UISupportedInterfaceOrientations_iPad = "UIInterfaceOrientationPortrait UIInterfaceOrientationPortraitUpsideDown UIInterfaceOrientationLandscapeLeft UIInterfaceOrientationLandscapeRight";
				INFOPLIST_KEY_UISupportedInterfaceOrientations_iPhone = "UIInterfaceOrientationPortrait UIInterfaceOrientationLandscapeLeft UIInterfaceOrientationLandscapeRight";
				LD_RUNPATH_SEARCH_PATHS = (
					"$(inherited)",
					"@executable_path/Frameworks",
				);
				MARKETING_VERSION = 1.0;
				PRODUCT_BUNDLE_IDENTIFIER = com.anuj.LifePilot;
				PRODUCT_NAME = "$(TARGET_NAME)";
				SWIFT_EMIT_LOC_STRINGS = YES;
				SWIFT_STRICT_CONCURRENCY = minimal;
				SWIFT_VERSION = 5.0;
				TARGETED_DEVICE_FAMILY = "1,2";
			};
			name = Release;
		};
		E00000000000000000000009 /* Debug */ = {
			isa = XCBuildConfiguration;
			buildSettings = {
				BUNDLE_LOADER = "$(TEST_HOST)";
				CODE_SIGN_STYLE = Automatic;
				CURRENT_PROJECT_VERSION = 1;
				GENERATE_INFOPLIST_FILE = YES;
				IPHONEOS_DEPLOYMENT_TARGET = 18.0;
				MARKETING_VERSION = 1.0;
				PRODUCT_BUNDLE_IDENTIFIER = com.anuj.LifePilotTests;
				PRODUCT_NAME = "$(TARGET_NAME)";
				SWIFT_EMIT_LOC_STRINGS = NO;
				SWIFT_STRICT_CONCURRENCY = minimal;
				SWIFT_VERSION = 5.0;
				TARGETED_DEVICE_FAMILY = "1,2";
				TEST_HOST = "$(BUILT_PRODUCTS_DIR)/LifePilot.app/$(BUNDLE_EXECUTABLE_FOLDER_PATH)/LifePilot";
			};
			name = Debug;
		};
		E0000000000000000000000A /* Release */ = {
			isa = XCBuildConfiguration;
			buildSettings = {
				BUNDLE_LOADER = "$(TEST_HOST)";
				CODE_SIGN_STYLE = Automatic;
				CURRENT_PROJECT_VERSION = 1;
				GENERATE_INFOPLIST_FILE = YES;
				IPHONEOS_DEPLOYMENT_TARGET = 18.0;
				MARKETING_VERSION = 1.0;
				PRODUCT_BUNDLE_IDENTIFIER = com.anuj.LifePilotTests;
				PRODUCT_NAME = "$(TARGET_NAME)";
				SWIFT_EMIT_LOC_STRINGS = NO;
				SWIFT_STRICT_CONCURRENCY = minimal;
				SWIFT_VERSION = 5.0;
				TARGETED_DEVICE_FAMILY = "1,2";
				TEST_HOST = "$(BUILT_PRODUCTS_DIR)/LifePilot.app/$(BUNDLE_EXECUTABLE_FOLDER_PATH)/LifePilot";
			};
			name = Release;
		};
/* End XCBuildConfiguration section */

/* Begin XCConfigurationList section */
		A00000000000000000000003 /* Build configuration list for PBXProject "LifePilot" */ = {
			isa = XCConfigurationList;
			buildConfigurations = (
				A00000000000000000000004 /* Debug */,
				A00000000000000000000005 /* Release */,
			);
			defaultConfigurationIsVisible = 0;
			defaultConfigurationName = Release;
		};
		A00000000000000000000007 /* Build configuration list for PBXNativeTarget "LifePilot" */ = {
			isa = XCConfigurationList;
			buildConfigurations = (
				A00000000000000000000008 /* Debug */,
				A00000000000000000000009 /* Release */,
			);
			defaultConfigurationIsVisible = 0;
			defaultConfigurationName = Release;
		};
		E00000000000000000000008 /* Build configuration list for PBXNativeTarget "LifePilotTests" */ = {
			isa = XCConfigurationList;
			buildConfigurations = (
				E00000000000000000000009 /* Debug */,
				E0000000000000000000000A /* Release */,
			);
			defaultConfigurationIsVisible = 0;
			defaultConfigurationName = Release;
		};
/* End XCConfigurationList section */
	};
	rootObject = A00000000000000000000001 /* Project object */;
}
